
Microsoft Visual Studio Solution File, Format Version 12.00
# Visual Studio 14
VisualStudioVersion = 14.0.25420.1
MinimumVisualStudioVersion = 10.0.40219.1
Project("{FAE04EC0-301F-11D3-BF4B-00C04F79EFBC}") = "EasyQuizy", "EasyQuizy\EasyQuizy.csproj", "{43DDD396-8205-4952-959C-900C93ECE5E9}"
EndProject
Project("{FAE04EC0-301F-11D3-BF4B-00C04F79EFBC}") = "EasyQuizy.Tests", "EasyQuizy.Tests\EasyQuizy.Tests.csproj", "{88DAAF06-B3A3-4180-B284-680CDF4BB309}"
EndProject
Global
	GlobalSection(SolutionConfigurationPlatforms) = preSolution
		Debug|Any CPU = Debug|Any CPU
		Release|Any CPU = Release|Any CPU
	EndGlobalSection
	GlobalSection(ProjectConfigurationPlatforms) = postSolution
		{43DDD396-8205-4952-959C-900C93ECE5E9}.Debug|Any CPU.ActiveCfg = Debug|Any CPU
		{43DDD396-8205-4952-959C-900C93ECE5E9}.Debug|Any CPU.Build.0 = Debug|Any CPU
		{43DDD396-8205-4952-959C-900C93ECE5E9}.Release|Any CPU.ActiveCfg = Release|Any CPU
		{43DDD396-8205-4952-959C-900C93ECE5E9}.Release|Any CPU.Build.0 = Release|Any CPU
		{88DAAF06-B3A3-4180-B284-680CDF4BB309}.Debug|Any CPU.ActiveCfg = Debug|Any CPU
		{88DAAF06-B3A3-4180-B284-680CDF4BB309}.Debug|Any CPU.Build.0 = Debug|Any CPU
		{88DAAF06-B3A3-4180-B284-680CDF4BB309}.Release|Any CPU.ActiveCfg = Release|Any CPU
		{88DAAF06-B3A3-4180-B284-680CDF4BB309}.Release|Any CPU.Build.0 = Release|Any CPU
	EndGlobalSection
	GlobalSection(SolutionProperties) = preSolution
		HideSolutionNode = FALSE
	EndGlobalSection
EndGlobal
